
Microsoft Visual Studio Solution File, Format Version 12.00
Project("{FAE04EC0-301F-11D3-BF4B-00C04F79EFBC}") = "TodoApp.Api", "TodoApp.Api\TodoApp.Api.csproj", "{52C4C1C6-B8D4-4EF8-91D9-51C00CB02117}"
EndProject
Project("{2150E333-8FDC-42A3-9474-1A3956D46DE8}") = "src", "src", "{34B96718-A971-4E24-8A7E-A32DBAD07884}"
EndProject
Project("{2150E333-8FDC-42A3-9474-1A3956D46DE8}") = "tests", "tests", "{9E0DAE7E-1E22-47DB-976C-7E88144EEA53}"
EndProject
Project("{FAE04EC0-301F-11D3-BF4B-00C04F79EFBC}") = "TodoApp.Unit", "TodoApp.Unit\TodoApp.Unit.csproj", "{E05C6B9E-4A1E-4540-A46E-091E100C1DEE}"
EndProject
Project("{FAE04EC0-301F-11D3-BF4B-00C04F79EFBC}") = "TodoApp.Integration", "TodoApp.Integration\TodoApp.Integration.csproj", "{9FAA8807-53BB-48FD-8F5B-85946B5DA6D4}"
EndProject
Global
	GlobalSection(SolutionConfigurationPlatforms) = preSolution
		Debug|Any CPU = Debug|Any CPU
		Release|Any CPU = Release|Any CPU
	EndGlobalSection
	GlobalSection(ProjectConfigurationPlatforms) = postSolution
		{52C4C1C6-B8D4-4EF8-91D9-51C00CB02117}.Debug|Any CPU.ActiveCfg = Debug|Any CPU
		{52C4C1C6-B8D4-4EF8-91D9-51C00CB02117}.Debug|Any CPU.Build.0 = Debug|Any CPU
		{52C4C1C6-B8D4-4EF8-91D9-51C00CB02117}.Release|Any CPU.ActiveCfg = Release|Any CPU
		{52C4C1C6-B8D4-4EF8-91D9-51C00CB02117}.Release|Any CPU.Build.0 = Release|Any CPU
		{E05C6B9E-4A1E-4540-A46E-091E100C1DEE}.Debug|Any CPU.ActiveCfg = Debug|Any CPU
		{E05C6B9E-4A1E-4540-A46E-091E100C1DEE}.Debug|Any CPU.Build.0 = Debug|Any CPU
		{E05C6B9E-4A1E-4540-A46E-091E100C1DEE}.Release|Any CPU.ActiveCfg = Release|Any CPU
		{E05C6B9E-4A1E-4540-A46E-091E100C1DEE}.Release|Any CPU.Build.0 = Release|Any CPU
		{9FAA8807-53BB-48FD-8F5B-85946B5DA6D4}.Debug|Any CPU.ActiveCfg = Debug|Any CPU
		{9FAA8807-53BB-48FD-8F5B-85946B5DA6D4}.Debug|Any CPU.Build.0 = Debug|Any CPU
		{9FAA8807-53BB-48FD-8F5B-85946B5DA6D4}.Release|Any CPU.ActiveCfg = Release|Any CPU
		{9FAA8807-53BB-48FD-8F5B-85946B5DA6D4}.Release|Any CPU.Build.0 = Release|Any CPU
	EndGlobalSection
	GlobalSection(NestedProjects) = preSolution
		{52C4C1C6-B8D4-4EF8-91D9-51C00CB02117} = {34B96718-A971-4E24-8A7E-A32DBAD07884}
		{E05C6B9E-4A1E-4540-A46E-091E100C1DEE} = {9E0DAE7E-1E22-47DB-976C-7E88144EEA53}
		{9FAA8807-53BB-48FD-8F5B-85946B5DA6D4} = {9E0DAE7E-1E22-47DB-976C-7E88144EEA53}
	EndGlobalSection
EndGlobal
